
Microsoft Visual Studio Solution File, Format Version 12.00
# Visual Studio Version 16
VisualStudioVersion = 16.0.29709.97
MinimumVisualStudioVersion = 10.0.40219.1
Project("{FAE04EC0-301F-11D3-BF4B-00C04F79EFBC}") = "Prog8170_Assignment2", "Prog8170_Assignment2\Prog8170_Assignment2.csproj", "{1998D3CD-CD75-48D3-A535-563BFE84C617}"
EndProject
Global
	GlobalSection(SolutionConfigurationPlatforms) = preSolution
		Debug|Any CPU = Debug|Any CPU
		Release|Any CPU = Release|Any CPU
	EndGlobalSection
	GlobalSection(ProjectConfigurationPlatforms) = postSolution
		{1998D3CD-CD75-48D3-A535-563BFE84C617}.Debug|Any CPU.ActiveCfg = Debug|Any CPU
		{1998D3CD-CD75-48D3-A535-563BFE84C617}.Debug|Any CPU.Build.0 = Debug|Any CPU
		{1998D3CD-CD75-48D3-A535-563BFE84C617}.Release|Any CPU.ActiveCfg = Release|Any CPU
		{1998D3CD-CD75-48D3-A535-563BFE84C617}.Release|Any CPU.Build.0 = Release|Any CPU
	EndGlobalSection
	GlobalSection(SolutionProperties) = preSolution
		HideSolutionNode = FALSE
	EndGlobalSection
	GlobalSection(ExtensibilityGlobals) = postSolution
		SolutionGuid = {91AE385D-B582-4519-AC85-2C25C4F0FF72}
	EndGlobalSection
EndGlobal
